
Microsoft Visual Studio Solution File, Format Version 12.00
# Visual Studio 15
VisualStudioVersion = 15.0.26730.16
MinimumVisualStudioVersion = 10.0.40219.1
Project("{FAE04EC0-301F-11D3-BF4B-00C04F79EFBC}") = "MPCommService", "CommService\MPCommService.csproj", "{C279B8E8-FFCD-439F-B887-444848FFEFFA}"
EndProject
Project("{FAE04EC0-301F-11D3-BF4B-00C04F79EFBC}") = "IMPCommService", "IMPCommService\IMPCommService.csproj", "{9B5C6C84-4997-4032-89FF-C3F56BB2D8A9}"
EndProject
Project("{FAE04EC0-301F-11D3-BF4B-00C04F79EFBC}") = "PrintTool", "Tool\PrintTool.csproj", "{9BA5424E-CDBD-4AE5-8F78-D258429AB363}"
EndProject
Project("{FAE04EC0-301F-11D3-BF4B-00C04F79EFBC}") = "XMLHandler", "TestRequestHandler\XMLHandler.csproj", "{A71F8643-32AC-47C8-B1EB-A293A9E485A5}"
EndProject
Project("{FAE04EC0-301F-11D3-BF4B-00C04F79EFBC}") = "FileMgr", "FileMgr\FileMgr.csproj", "{CABC48E3-D968-48CF-9BE6-B65D742FE802}"
EndProject
Project("{FAE04EC0-301F-11D3-BF4B-00C04F79EFBC}") = "BuildServer", "MainBuilder\BuildServer.csproj", "{220D13E6-50AC-4CA2-B4F0-4787CCD0A6E8}"
EndProject
Project("{FAE04EC0-301F-11D3-BF4B-00C04F79EFBC}") = "Repo", "Repo\Repo.csproj", "{63D19293-E402-48E0-8574-1EC3DBC22803}"
EndProject
Project("{FAE04EC0-301F-11D3-BF4B-00C04F79EFBC}") = "Environment", "Environment\Environment.csproj", "{EFF54C57-D1DB-4AFE-B011-85225DC9EC8F}"
EndProject
Project("{FAE04EC0-301F-11D3-BF4B-00C04F79EFBC}") = "ClientGUI", "ClientGUI\ClientGUI.csproj", "{C56EA39F-1732-4721-AAF2-266DC9C76DEC}"
EndProject
Project("{FAE04EC0-301F-11D3-BF4B-00C04F79EFBC}") = "DllLoader", "DllLoader\DllLoader.csproj", "{7BE5DAA3-914E-43E5-A88F-52E45FD079D8}"
EndProject
Project("{FAE04EC0-301F-11D3-BF4B-00C04F79EFBC}") = "TestHardness", "TestHardness\TestHardness.csproj", "{5F685C30-9055-4355-AC46-19952E84F715}"
EndProject
Project("{FAE04EC0-301F-11D3-BF4B-00C04F79EFBC}") = "ChildBuilder", "ChildBuilder\ChildBuilder.csproj", "{B610B063-F386-485A-8818-7B8C974350E2}"
EndProject
Project("{2150E333-8FDC-42A3-9474-1A3956D46DE8}") = "Solution Items", "Solution Items", "{9EE27E8B-C468-4DAE-8D34-D880F0AC5F51}"
	ProjectSection(SolutionItems) = preProject
		0.InstructionFiles\Project4-Requirement.txt = 0.InstructionFiles\Project4-Requirement.txt
	EndProjectSection
EndProject
Global
	GlobalSection(SolutionConfigurationPlatforms) = preSolution
		Debug|Any CPU = Debug|Any CPU
		Debug|x64 = Debug|x64
		Debug|x86 = Debug|x86
		Release|Any CPU = Release|Any CPU
		Release|x64 = Release|x64
		Release|x86 = Release|x86
	EndGlobalSection
	GlobalSection(ProjectConfigurationPlatforms) = postSolution
		{C279B8E8-FFCD-439F-B887-444848FFEFFA}.Debug|Any CPU.ActiveCfg = Debug|Any CPU
		{C279B8E8-FFCD-439F-B887-444848FFEFFA}.Debug|Any CPU.Build.0 = Debug|Any CPU
		{C279B8E8-FFCD-439F-B887-444848FFEFFA}.Debug|x64.ActiveCfg = Debug|Any CPU
		{C279B8E8-FFCD-439F-B887-444848FFEFFA}.Debug|x64.Build.0 = Debug|Any CPU
		{C279B8E8-FFCD-439F-B887-444848FFEFFA}.Debug|x86.ActiveCfg = Debug|Any CPU
		{C279B8E8-FFCD-439F-B887-444848FFEFFA}.Debug|x86.Build.0 = Debug|Any CPU
		{C279B8E8-FFCD-439F-B887-444848FFEFFA}.Release|Any CPU.ActiveCfg = Release|Any CPU
		{C279B8E8-FFCD-439F-B887-444848FFEFFA}.Release|Any CPU.Build.0 = Release|Any CPU
		{C279B8E8-FFCD-439F-B887-444848FFEFFA}.Release|x64.ActiveCfg = Release|Any CPU
		{C279B8E8-FFCD-439F-B887-444848FFEFFA}.Release|x64.Build.0 = Release|Any CPU
		{C279B8E8-FFCD-439F-B887-444848FFEFFA}.Release|x86.ActiveCfg = Release|Any CPU
		{C279B8E8-FFCD-439F-B887-444848FFEFFA}.Release|x86.Build.0 = Release|Any CPU
		{9B5C6C84-4997-4032-89FF-C3F56BB2D8A9}.Debug|Any CPU.ActiveCfg = Debug|Any CPU
		{9B5C6C84-4997-4032-89FF-C3F56BB2D8A9}.Debug|Any CPU.Build.0 = Debug|Any CPU
		{9B5C6C84-4997-4032-89FF-C3F56BB2D8A9}.Debug|x64.ActiveCfg = Debug|Any CPU
		{9B5C6C84-4997-4032-89FF-C3F56BB2D8A9}.Debug|x64.Build.0 = Debug|Any CPU
		{9B5C6C84-4997-4032-89FF-C3F56BB2D8A9}.Debug|x86.ActiveCfg = Debug|Any CPU
		{9B5C6C84-4997-4032-89FF-C3F56BB2D8A9}.Debug|x86.Build.0 = Debug|Any CPU
		{9B5C6C84-4997-4032-89FF-C3F56BB2D8A9}.Release|Any CPU.ActiveCfg = Release|Any CPU
		{9B5C6C84-4997-4032-89FF-C3F56BB2D8A9}.Release|Any CPU.Build.0 = Release|Any CPU
		{9B5C6C84-4997-4032-89FF-C3F56BB2D8A9}.Release|x64.ActiveCfg = Release|Any CPU
		{9B5C6C84-4997-4032-89FF-C3F56BB2D8A9}.Release|x64.Build.0 = Release|Any CPU
		{9B5C6C84-4997-4032-89FF-C3F56BB2D8A9}.Release|x86.ActiveCfg = Release|Any CPU
		{9B5C6C84-4997-4032-89FF-C3F56BB2D8A9}.Release|x86.Build.0 = Release|Any CPU
		{9BA5424E-CDBD-4AE5-8F78-D258429AB363}.Debug|Any CPU.ActiveCfg = Debug|Any CPU
		{9BA5424E-CDBD-4AE5-8F78-D258429AB363}.Debug|Any CPU.Build.0 = Debug|Any CPU
		{9BA5424E-CDBD-4AE5-8F78-D258429AB363}.Debug|x64.ActiveCfg = Debug|Any CPU
		{9BA5424E-CDBD-4AE5-8F78-D258429AB363}.Debug|x64.Build.0 = Debug|Any CPU
		{9BA5424E-CDBD-4AE5-8F78-D258429AB363}.Debug|x86.ActiveCfg = Debug|Any CPU
		{9BA5424E-CDBD-4AE5-8F78-D258429AB363}.Debug|x86.Build.0 = Debug|Any CPU
		{9BA5424E-CDBD-4AE5-8F78-D258429AB363}.Release|Any CPU.ActiveCfg = Release|Any CPU
		{9BA5424E-CDBD-4AE5-8F78-D258429AB363}.Release|Any CPU.Build.0 = Release|Any CPU
		{9BA5424E-CDBD-4AE5-8F78-D258429AB363}.Release|x64.ActiveCfg = Release|Any CPU
		{9BA5424E-CDBD-4AE5-8F78-D258429AB363}.Release|x64.Build.0 = Release|Any CPU
		{9BA5424E-CDBD-4AE5-8F78-D258429AB363}.Release|x86.ActiveCfg = Release|Any CPU
		{9BA5424E-CDBD-4AE5-8F78-D258429AB363}.Release|x86.Build.0 = Release|Any CPU
		{A71F8643-32AC-47C8-B1EB-A293A9E485A5}.Debug|Any CPU.ActiveCfg = Debug|Any CPU
		{A71F8643-32AC-47C8-B1EB-A293A9E485A5}.Debug|Any CPU.Build.0 = Debug|Any CPU
		{A71F8643-32AC-47C8-B1EB-A293A9E485A5}.Debug|x64.ActiveCfg = Debug|Any CPU
		{A71F8643-32AC-47C8-B1EB-A293A9E485A5}.Debug|x64.Build.0 = Debug|Any CPU
		{A71F8643-32AC-47C8-B1EB-A293A9E485A5}.Debug|x86.ActiveCfg = Debug|Any CPU
		{A71F8643-32AC-47C8-B1EB-A293A9E485A5}.Debug|x86.Build.0 = Debug|Any CPU
		{A71F8643-32AC-47C8-B1EB-A293A9E485A5}.Release|Any CPU.ActiveCfg = Release|Any CPU
		{A71F8643-32AC-47C8-B1EB-A293A9E485A5}.Release|Any CPU.Build.0 = Release|Any CPU
		{A71F8643-32AC-47C8-B1EB-A293A9E485A5}.Release|x64.ActiveCfg = Release|Any CPU
		{A71F8643-32AC-47C8-B1EB-A293A9E485A5}.Release|x64.Build.0 = Release|Any CPU
		{A71F8643-32AC-47C8-B1EB-A293A9E485A5}.Release|x86.ActiveCfg = Release|Any CPU
		{A71F8643-32AC-47C8-B1EB-A293A9E485A5}.Release|x86.Build.0 = Release|Any CPU
		{CABC48E3-D968-48CF-9BE6-B65D742FE802}.Debug|Any CPU.ActiveCfg = Debug|Any CPU
		{CABC48E3-D968-48CF-9BE6-B65D742FE802}.Debug|Any CPU.Build.0 = Debug|Any CPU
		{CABC48E3-D968-48CF-9BE6-B65D742FE802}.Debug|x64.ActiveCfg = Debug|Any CPU
		{CABC48E3-D968-48CF-9BE6-B65D742FE802}.Debug|x64.Build.0 = Debug|Any CPU
		{CABC48E3-D968-48CF-9BE6-B65D742FE802}.Debug|x86.ActiveCfg = Debug|Any CPU
		{CABC48E3-D968-48CF-9BE6-B65D742FE802}.Debug|x86.Build.0 = Debug|Any CPU
		{CABC48E3-D968-48CF-9BE6-B65D742FE802}.Release|Any CPU.ActiveCfg = Release|Any CPU
		{CABC48E3-D968-48CF-9BE6-B65D742FE802}.Release|Any CPU.Build.0 = Release|Any CPU
		{CABC48E3-D968-48CF-9BE6-B65D742FE802}.Release|x64.ActiveCfg = Release|Any CPU
		{CABC48E3-D968-48CF-9BE6-B65D742FE802}.Release|x64.Build.0 = Release|Any CPU
		{CABC48E3-D968-48CF-9BE6-B65D742FE802}.Release|x86.ActiveCfg = Release|Any CPU
		{CABC48E3-D968-48CF-9BE6-B65D742FE802}.Release|x86.Build.0 = Release|Any CPU
		{220D13E6-50AC-4CA2-B4F0-4787CCD0A6E8}.Debug|Any CPU.ActiveCfg = Debug|Any CPU
		{220D13E6-50AC-4CA2-B4F0-4787CCD0A6E8}.Debug|Any CPU.Build.0 = Debug|Any CPU
		{220D13E6-50AC-4CA2-B4F0-4787CCD0A6E8}.Debug|x64.ActiveCfg = Debug|Any CPU
		{220D13E6-50AC-4CA2-B4F0-4787CCD0A6E8}.Debug|x64.Build.0 = Debug|Any CPU
		{220D13E6-50AC-4CA2-B4F0-4787CCD0A6E8}.Debug|x86.ActiveCfg = Debug|Any CPU
		{220D13E6-50AC-4CA2-B4F0-4787CCD0A6E8}.Debug|x86.Build.0 = Debug|Any CPU
		{220D13E6-50AC-4CA2-B4F0-4787CCD0A6E8}.Release|Any CPU.ActiveCfg = Release|Any CPU
		{220D13E6-50AC-4CA2-B4F0-4787CCD0A6E8}.Release|Any CPU.Build.0 = Release|Any CPU
		{220D13E6-50AC-4CA2-B4F0-4787CCD0A6E8}.Release|x64.ActiveCfg = Release|Any CPU
		{220D13E6-50AC-4CA2-B4F0-4787CCD0A6E8}.Release|x64.Build.0 = Release|Any CPU
		{220D13E6-50AC-4CA2-B4F0-4787CCD0A6E8}.Release|x86.ActiveCfg = Release|Any CPU
		{220D13E6-50AC-4CA2-B4F0-4787CCD0A6E8}.Release|x86.Build.0 = Release|Any CPU
		{63D19293-E402-48E0-8574-1EC3DBC22803}.Debug|Any CPU.ActiveCfg = Debug|Any CPU
		{63D19293-E402-48E0-8574-1EC3DBC22803}.Debug|Any CPU.Build.0 = Debug|Any CPU
		{63D19293-E402-48E0-8574-1EC3DBC22803}.Debug|x64.ActiveCfg = Debug|Any CPU
		{63D19293-E402-48E0-8574-1EC3DBC22803}.Debug|x64.Build.0 = Debug|Any CPU
		{63D19293-E402-48E0-8574-1EC3DBC22803}.Debug|x86.ActiveCfg = Debug|Any CPU
		{63D19293-E402-48E0-8574-1EC3DBC22803}.Debug|x86.Build.0 = Debug|Any CPU
		{63D19293-E402-48E0-8574-1EC3DBC22803}.Release|Any CPU.ActiveCfg = Release|Any CPU
		{63D19293-E402-48E0-8574-1EC3DBC22803}.Release|Any CPU.Build.0 = Release|Any CPU
		{63D19293-E402-48E0-8574-1EC3DBC22803}.Release|x64.ActiveCfg = Release|Any CPU
		{63D19293-E402-48E0-8574-1EC3DBC22803}.Release|x64.Build.0 = Release|Any CPU
		{63D19293-E402-48E0-8574-1EC3DBC22803}.Release|x86.ActiveCfg = Release|Any CPU
		{63D19293-E402-48E0-8574-1EC3DBC22803}.Release|x86.Build.0 = Release|Any CPU
		{EFF54C57-D1DB-4AFE-B011-85225DC9EC8F}.Debug|Any CPU.ActiveCfg = Debug|Any CPU
		{EFF54C57-D1DB-4AFE-B011-85225DC9EC8F}.Debug|Any CPU.Build.0 = Debug|Any CPU
		{EFF54C57-D1DB-4AFE-B011-85225DC9EC8F}.Debug|x64.ActiveCfg = Debug|Any CPU
		{EFF54C57-D1DB-4AFE-B011-85225DC9EC8F}.Debug|x64.Build.0 = Debug|Any CPU
		{EFF54C57-D1DB-4AFE-B011-85225DC9EC8F}.Debug|x86.ActiveCfg = Debug|Any CPU
		{EFF54C57-D1DB-4AFE-B011-85225DC9EC8F}.Debug|x86.Build.0 = Debug|Any CPU
		{EFF54C57-D1DB-4AFE-B011-85225DC9EC8F}.Release|Any CPU.ActiveCfg = Release|Any CPU
		{EFF54C57-D1DB-4AFE-B011-85225DC9EC8F}.Release|Any CPU.Build.0 = Release|Any CPU
		{EFF54C57-D1DB-4AFE-B011-85225DC9EC8F}.Release|x64.ActiveCfg = Release|Any CPU
		{EFF54C57-D1DB-4AFE-B011-85225DC9EC8F}.Release|x64.Build.0 = Release|Any CPU
		{EFF54C57-D1DB-4AFE-B011-85225DC9EC8F}.Release|x86.ActiveCfg = Release|Any CPU
		{EFF54C57-D1DB-4AFE-B011-85225DC9EC8F}.Release|x86.Build.0 = Release|Any CPU
		{C56EA39F-1732-4721-AAF2-266DC9C76DEC}.Debug|Any CPU.ActiveCfg = Debug|Any CPU
		{C56EA39F-1732-4721-AAF2-266DC9C76DEC}.Debug|Any CPU.Build.0 = Debug|Any CPU
		{C56EA39F-1732-4721-AAF2-266DC9C76DEC}.Debug|x64.ActiveCfg = Debug|Any CPU
		{C56EA39F-1732-4721-AAF2-266DC9C76DEC}.Debug|x64.Build.0 = Debug|Any CPU
		{C56EA39F-1732-4721-AAF2-266DC9C76DEC}.Debug|x86.ActiveCfg = Debug|Any CPU
		{C56EA39F-1732-4721-AAF2-266DC9C76DEC}.Debug|x86.Build.0 = Debug|Any CPU
		{C56EA39F-1732-4721-AAF2-266DC9C76DEC}.Release|Any CPU.ActiveCfg = Release|Any CPU
		{C56EA39F-1732-4721-AAF2-266DC9C76DEC}.Release|Any CPU.Build.0 = Release|Any CPU
		{C56EA39F-1732-4721-AAF2-266DC9C76DEC}.Release|x64.ActiveCfg = Release|Any CPU
		{C56EA39F-1732-4721-AAF2-266DC9C76DEC}.Release|x64.Build.0 = Release|Any CPU
		{C56EA39F-1732-4721-AAF2-266DC9C76DEC}.Release|x86.ActiveCfg = Release|Any CPU
		{C56EA39F-1732-4721-AAF2-266DC9C76DEC}.Release|x86.Build.0 = Release|Any CPU
		{7BE5DAA3-914E-43E5-A88F-52E45FD079D8}.Debug|Any CPU.ActiveCfg = Debug|Any CPU
		{7BE5DAA3-914E-43E5-A88F-52E45FD079D8}.Debug|Any CPU.Build.0 = Debug|Any CPU
		{7BE5DAA3-914E-43E5-A88F-52E45FD079D8}.Debug|x64.ActiveCfg = Debug|Any CPU
		{7BE5DAA3-914E-43E5-A88F-52E45FD079D8}.Debug|x64.Build.0 = Debug|Any CPU
		{7BE5DAA3-914E-43E5-A88F-52E45FD079D8}.Debug|x86.ActiveCfg = Debug|Any CPU
		{7BE5DAA3-914E-43E5-A88F-52E45FD079D8}.Debug|x86.Build.0 = Debug|Any CPU
		{7BE5DAA3-914E-43E5-A88F-52E45FD079D8}.Release|Any CPU.ActiveCfg = Release|Any CPU
		{7BE5DAA3-914E-43E5-A88F-52E45FD079D8}.Release|Any CPU.Build.0 = Release|Any CPU
		{7BE5DAA3-914E-43E5-A88F-52E45FD079D8}.Release|x64.ActiveCfg = Release|Any CPU
		{7BE5DAA3-914E-43E5-A88F-52E45FD079D8}.Release|x64.Build.0 = Release|Any CPU
		{7BE5DAA3-914E-43E5-A88F-52E45FD079D8}.Release|x86.ActiveCfg = Release|Any CPU
		{7BE5DAA3-914E-43E5-A88F-52E45FD079D8}.Release|x86.Build.0 = Release|Any CPU
		{5F685C30-9055-4355-AC46-19952E84F715}.Debug|Any CPU.ActiveCfg = Debug|Any CPU
		{5F685C30-9055-4355-AC46-19952E84F715}.Debug|Any CPU.Build.0 = Debug|Any CPU
		{5F685C30-9055-4355-AC46-19952E84F715}.Debug|x64.ActiveCfg = Debug|Any CPU
		{5F685C30-9055-4355-AC46-19952E84F715}.Debug|x64.Build.0 = Debug|Any CPU
		{5F685C30-9055-4355-AC46-19952E84F715}.Debug|x86.ActiveCfg = Debug|Any CPU
		{5F685C30-9055-4355-AC46-19952E84F715}.Debug|x86.Build.0 = Debug|Any CPU
		{5F685C30-9055-4355-AC46-19952E84F715}.Release|Any CPU.ActiveCfg = Release|Any CPU
		{5F685C30-9055-4355-AC46-19952E84F715}.Release|Any CPU.Build.0 = Release|Any CPU
		{5F685C30-9055-4355-AC46-19952E84F715}.Release|x64.ActiveCfg = Release|Any CPU
		{5F685C30-9055-4355-AC46-19952E84F715}.Release|x64.Build.0 = Release|Any CPU
		{5F685C30-9055-4355-AC46-19952E84F715}.Release|x86.ActiveCfg = Release|Any CPU
		{5F685C30-9055-4355-AC46-19952E84F715}.Release|x86.Build.0 = Release|Any CPU
		{B610B063-F386-485A-8818-7B8C974350E2}.Debug|Any CPU.ActiveCfg = Debug|Any CPU
		{B610B063-F386-485A-8818-7B8C974350E2}.Debug|Any CPU.Build.0 = Debug|Any CPU
		{B610B063-F386-485A-8818-7B8C974350E2}.Debug|x64.ActiveCfg = Debug|Any CPU
		{B610B063-F386-485A-8818-7B8C974350E2}.Debug|x64.Build.0 = Debug|Any CPU
		{B610B063-F386-485A-8818-7B8C974350E2}.Debug|x86.ActiveCfg = Debug|Any CPU
		{B610B063-F386-485A-8818-7B8C974350E2}.Debug|x86.Build.0 = Debug|Any CPU
		{B610B063-F386-485A-8818-7B8C974350E2}.Release|Any CPU.ActiveCfg = Release|Any CPU
		{B610B063-F386-485A-8818-7B8C974350E2}.Release|Any CPU.Build.0 = Release|Any CPU
		{B610B063-F386-485A-8818-7B8C974350E2}.Release|x64.ActiveCfg = Release|Any CPU
		{B610B063-F386-485A-8818-7B8C974350E2}.Release|x64.Build.0 = Release|Any CPU
		{B610B063-F386-485A-8818-7B8C974350E2}.Release|x86.ActiveCfg = Release|Any CPU
		{B610B063-F386-485A-8818-7B8C974350E2}.Release|x86.Build.0 = Release|Any CPU
	EndGlobalSection
	GlobalSection(SolutionProperties) = preSolution
		HideSolutionNode = FALSE
	EndGlobalSection
	GlobalSection(ExtensibilityGlobals) = postSolution
		SolutionGuid = {B3B8CED4-5637-4488-9A24-F6C2736DC71E}
	EndGlobalSection
EndGlobal
